
Microsoft Visual Studio Solution File, Format Version 12.00
# Visual Studio Version 17
VisualStudioVersion = 17.6.33815.320
MinimumVisualStudioVersion = 10.0.40219.1
Project("{FAE04EC0-301F-11D3-BF4B-00C04F79EFBC}") = "Desktop Windwos form application", "Desktop Windwos form application\Desktop Windwos form application.csproj", "{4EB146B3-D86A-490D-86D5-1E730CC29E99}"
EndProject
Global
	GlobalSection(SolutionConfigurationPlatforms) = preSolution
		Debug|Any CPU = Debug|Any CPU
		Release|Any CPU = Release|Any CPU
	EndGlobalSection
	GlobalSection(ProjectConfigurationPlatforms) = postSolution
		{4EB146B3-D86A-490D-86D5-1E730CC29E99}.Debug|Any CPU.ActiveCfg = Debug|Any CPU
		{4EB146B3-D86A-490D-86D5-1E730CC29E99}.Debug|Any CPU.Build.0 = Debug|Any CPU
		{4EB146B3-D86A-490D-86D5-1E730CC29E99}.Release|Any CPU.ActiveCfg = Release|Any CPU
		{4EB146B3-D86A-490D-86D5-1E730CC29E99}.Release|Any CPU.Build.0 = Release|Any CPU
	EndGlobalSection
	GlobalSection(SolutionProperties) = preSolution
		HideSolutionNode = FALSE
	EndGlobalSection
	GlobalSection(ExtensibilityGlobals) = postSolution
		SolutionGuid = {B243DA32-D9CC-49D2-A94D-1728FD049461}
	EndGlobalSection
EndGlobal
